
Microsoft Visual Studio Solution File, Format Version 12.00
# Visual Studio Version 17
VisualStudioVersion = 17.14.36408.4
MinimumVisualStudioVersion = 10.0.40219.1
Project("{2150E333-8FDC-42A3-9474-1A3956D46DE8}") = "src", "src", "{02EA681E-C7D8-13C7-8484-4AC65E1B71E8}"
EndProject
Project("{9A19103F-16F7-4668-BE54-9A1E7A4F7556}") = "ZiyoMarket.Api", "src\ZiyoMarket.Api\ZiyoMarket.Api.csproj", "{A9F770E1-C3FD-45E3-9C3B-F72355F0C973}"
EndProject
Project("{9A19103F-16F7-4668-BE54-9A1E7A4F7556}") = "ZiyoMarket.Domain", "src\ZiyoMarket.Domain\ZiyoMarket.Domain.csproj", "{C52ED300-02E1-498A-A42F-6F0817B1F23B}"
EndProject
Project("{FAE04EC0-301F-11D3-BF4B-00C04F79EFBC}") = "ZiyoMarket.Service", "src\ZiyoMarket.Service\ZiyoMarket.Service.csproj", "{A2D86433-1D9A-4516-8DA8-A255DBE20ABF}"
EndProject
Project("{FAE04EC0-301F-11D3-BF4B-00C04F79EFBC}") = "ZiyoMarket.Data", "src\ZiyoMarket.Data\ZiyoMarket.Data.csproj", "{8E66160C-D5DD-D1AD-904A-0AD2096C6EA9}"
EndProject
Global
	GlobalSection(SolutionConfigurationPlatforms) = preSolution
		Debug|Any CPU = Debug|Any CPU
		Debug|x64 = Debug|x64
		Debug|x86 = Debug|x86
		Release|Any CPU = Release|Any CPU
		Release|x64 = Release|x64
		Release|x86 = Release|x86
	EndGlobalSection
	GlobalSection(ProjectConfigurationPlatforms) = postSolution
		{A9F770E1-C3FD-45E3-9C3B-F72355F0C973}.Debug|Any CPU.ActiveCfg = Debug|Any CPU
		{A9F770E1-C3FD-45E3-9C3B-F72355F0C973}.Debug|Any CPU.Build.0 = Debug|Any CPU
		{A9F770E1-C3FD-45E3-9C3B-F72355F0C973}.Debug|x64.ActiveCfg = Debug|Any CPU
		{A9F770E1-C3FD-45E3-9C3B-F72355F0C973}.Debug|x64.Build.0 = Debug|Any CPU
		{A9F770E1-C3FD-45E3-9C3B-F72355F0C973}.Debug|x86.ActiveCfg = Debug|Any CPU
		{A9F770E1-C3FD-45E3-9C3B-F72355F0C973}.Debug|x86.Build.0 = Debug|Any CPU
		{A9F770E1-C3FD-45E3-9C3B-F72355F0C973}.Release|Any CPU.ActiveCfg = Release|Any CPU
		{A9F770E1-C3FD-45E3-9C3B-F72355F0C973}.Release|Any CPU.Build.0 = Release|Any CPU
		{A9F770E1-C3FD-45E3-9C3B-F72355F0C973}.Release|x64.ActiveCfg = Release|Any CPU
		{A9F770E1-C3FD-45E3-9C3B-F72355F0C973}.Release|x64.Build.0 = Release|Any CPU
		{A9F770E1-C3FD-45E3-9C3B-F72355F0C973}.Release|x86.ActiveCfg = Release|Any CPU
		{A9F770E1-C3FD-45E3-9C3B-F72355F0C973}.Release|x86.Build.0 = Release|Any CPU
		{C52ED300-02E1-498A-A42F-6F0817B1F23B}.Debug|Any CPU.ActiveCfg = Debug|Any CPU
		{C52ED300-02E1-498A-A42F-6F0817B1F23B}.Debug|Any CPU.Build.0 = Debug|Any CPU
		{C52ED300-02E1-498A-A42F-6F0817B1F23B}.Debug|x64.ActiveCfg = Debug|Any CPU
		{C52ED300-02E1-498A-A42F-6F0817B1F23B}.Debug|x64.Build.0 = Debug|Any CPU
		{C52ED300-02E1-498A-A42F-6F0817B1F23B}.Debug|x86.ActiveCfg = Debug|Any CPU
		{C52ED300-02E1-498A-A42F-6F0817B1F23B}.Debug|x86.Build.0 = Debug|Any CPU
		{C52ED300-02E1-498A-A42F-6F0817B1F23B}.Release|Any CPU.ActiveCfg = Release|Any CPU
		{C52ED300-02E1-498A-A42F-6F0817B1F23B}.Release|Any CPU.Build.0 = Release|Any CPU
		{C52ED300-02E1-498A-A42F-6F0817B1F23B}.Release|x64.ActiveCfg = Release|Any CPU
		{C52ED300-02E1-498A-A42F-6F0817B1F23B}.Release|x64.Build.0 = Release|Any CPU
		{C52ED300-02E1-498A-A42F-6F0817B1F23B}.Release|x86.ActiveCfg = Release|Any CPU
		{C52ED300-02E1-498A-A42F-6F0817B1F23B}.Release|x86.Build.0 = Release|Any CPU
		{A2D86433-1D9A-4516-8DA8-A255DBE20ABF}.Debug|Any CPU.ActiveCfg = Debug|Any CPU
		{A2D86433-1D9A-4516-8DA8-A255DBE20ABF}.Debug|Any CPU.Build.0 = Debug|Any CPU
		{A2D86433-1D9A-4516-8DA8-A255DBE20ABF}.Debug|x64.ActiveCfg = Debug|Any CPU
		{A2D86433-1D9A-4516-8DA8-A255DBE20ABF}.Debug|x64.Build.0 = Debug|Any CPU
		{A2D86433-1D9A-4516-8DA8-A255DBE20ABF}.Debug|x86.ActiveCfg = Debug|Any CPU
		{A2D86433-1D9A-4516-8DA8-A255DBE20ABF}.Debug|x86.Build.0 = Debug|Any CPU
		{A2D86433-1D9A-4516-8DA8-A255DBE20ABF}.Release|Any CPU.ActiveCfg = Release|Any CPU
		{A2D86433-1D9A-4516-8DA8-A255DBE20ABF}.Release|Any CPU.Build.0 = Release|Any CPU
		{A2D86433-1D9A-4516-8DA8-A255DBE20ABF}.Release|x64.ActiveCfg = Release|Any CPU
		{A2D86433-1D9A-4516-8DA8-A255DBE20ABF}.Release|x64.Build.0 = Release|Any CPU
		{A2D86433-1D9A-4516-8DA8-A255DBE20ABF}.Release|x86.ActiveCfg = Release|Any CPU
		{A2D86433-1D9A-4516-8DA8-A255DBE20ABF}.Release|x86.Build.0 = Release|Any CPU
		{8E66160C-D5DD-D1AD-904A-0AD2096C6EA9}.Debug|Any CPU.ActiveCfg = Debug|Any CPU
		{8E66160C-D5DD-D1AD-904A-0AD2096C6EA9}.Debug|Any CPU.Build.0 = Debug|Any CPU
		{8E66160C-D5DD-D1AD-904A-0AD2096C6EA9}.Debug|x64.ActiveCfg = Debug|Any CPU
		{8E66160C-D5DD-D1AD-904A-0AD2096C6EA9}.Debug|x64.Build.0 = Debug|Any CPU
		{8E66160C-D5DD-D1AD-904A-0AD2096C6EA9}.Debug|x86.ActiveCfg = Debug|Any CPU
		{8E66160C-D5DD-D1AD-904A-0AD2096C6EA9}.Debug|x86.Build.0 = Debug|Any CPU
		{8E66160C-D5DD-D1AD-904A-0AD2096C6EA9}.Release|Any CPU.ActiveCfg = Release|Any CPU
		{8E66160C-D5DD-D1AD-904A-0AD2096C6EA9}.Release|Any CPU.Build.0 = Release|Any CPU
		{8E66160C-D5DD-D1AD-904A-0AD2096C6EA9}.Release|x64.ActiveCfg = Release|Any CPU
		{8E66160C-D5DD-D1AD-904A-0AD2096C6EA9}.Release|x64.Build.0 = Release|Any CPU
		{8E66160C-D5DD-D1AD-904A-0AD2096C6EA9}.Release|x86.ActiveCfg = Release|Any CPU
		{8E66160C-D5DD-D1AD-904A-0AD2096C6EA9}.Release|x86.Build.0 = Release|Any CPU
	EndGlobalSection
	GlobalSection(SolutionProperties) = preSolution
		HideSolutionNode = FALSE
	EndGlobalSection
	GlobalSection(NestedProjects) = preSolution
		{A9F770E1-C3FD-45E3-9C3B-F72355F0C973} = {02EA681E-C7D8-13C7-8484-4AC65E1B71E8}
		{C52ED300-02E1-498A-A42F-6F0817B1F23B} = {02EA681E-C7D8-13C7-8484-4AC65E1B71E8}
		{A2D86433-1D9A-4516-8DA8-A255DBE20ABF} = {02EA681E-C7D8-13C7-8484-4AC65E1B71E8}
		{8E66160C-D5DD-D1AD-904A-0AD2096C6EA9} = {02EA681E-C7D8-13C7-8484-4AC65E1B71E8}
	EndGlobalSection
	GlobalSection(ExtensibilityGlobals) = postSolution
		SolutionGuid = {27DDC81E-34D4-4484-93DB-6D18B23B5E24}
	EndGlobalSection
EndGlobal
